// !$*UTF8*$!
{
	archiveVersion = 1;
	classes = {
	};
	objectVersion = 50;
	objects = {

/* Begin PBXBuildFile section */
		3D55CFEB26D938CB006A4B30 /* MDConfig.plist in Resources */ = {isa = PBXBuildFile; fileRef = 3D55CFEA26D938CB006A4B30 /* MDConfig.plist */; };
		3D55CFF526D938CB006A4B30 /* libMonkeyAppDylib.dylib in CopyFiles */ = {isa = PBXBuildFile; fileRef = 3D55CFF426D938CB006A4B30 /* libMonkeyAppDylib.dylib */; settings = {ATTRIBUTES = (CodeSignOnCopy, ); }; };
		3D55CFFA26D938CB006A4B30 /* JavaScriptCore.framework in Frameworks */ = {isa = PBXBuildFile; fileRef = 3D55CFF926D938CB006A4B30 /* JavaScriptCore.framework */; };
		3D55CFFC26D938CB006A4B30 /* Foundation.framework in Frameworks */ = {isa = PBXBuildFile; fileRef = 3D55CFFB26D938CB006A4B30 /* Foundation.framework */; };
		3D55CFFE26D938CB006A4B30 /* UIKit.framework in Frameworks */ = {isa = PBXBuildFile; fileRef = 3D55CFFD26D938CB006A4B30 /* UIKit.framework */; };
		3D55D00326D938CB006A4B30 /* MonkeyAppDylib.mm in Sources */ = {isa = PBXBuildFile; fileRef = 3D55D00226D938CB006A4B30 /* MonkeyAppDylib.mm */; };
		3D55D00626D938CB006A4B30 /* MDConfigManager.h in Headers */ = {isa = PBXBuildFile; fileRef = 3D55D00526D938CB006A4B30 /* MDConfigManager.h */; };
		3D55D00826D938CB006A4B30 /* MDConfigManager.m in Sources */ = {isa = PBXBuildFile; fileRef = 3D55D00726D938CB006A4B30 /* MDConfigManager.m */; };
		3D55D00A26D938CB006A4B30 /* MDCycriptManager.h in Headers */ = {isa = PBXBuildFile; fileRef = 3D55D00926D938CB006A4B30 /* MDCycriptManager.h */; };
		3D55D00C26D938CB006A4B30 /* MDCycriptManager.m in Sources */ = {isa = PBXBuildFile; fileRef = 3D55D00B26D938CB006A4B30 /* MDCycriptManager.m */; };
		3D55D00E26D938CB006A4B30 /* MDMethodTrace.h in Headers */ = {isa = PBXBuildFile; fileRef = 3D55D00D26D938CB006A4B30 /* MDMethodTrace.h */; };
		3D55D01026D938CB006A4B30 /* MDMethodTrace.m in Sources */ = {isa = PBXBuildFile; fileRef = 3D55D00F26D938CB006A4B30 /* MDMethodTrace.m */; };
		3D55D01326D938CB006A4B30 /* a1a2-selectortramps-arm.s in Sources */ = {isa = PBXBuildFile; fileRef = 3D55D01226D938CB006A4B30 /* a1a2-selectortramps-arm.s */; };
		3D55D01526D938CB006A4B30 /* a1a2-selectortramps-arm64.s in Sources */ = {isa = PBXBuildFile; fileRef = 3D55D01426D938CB006A4B30 /* a1a2-selectortramps-arm64.s */; };
		3D55D01726D938CB006A4B30 /* a1a2-selectortramps-i386.s in Sources */ = {isa = PBXBuildFile; fileRef = 3D55D01626D938CB006A4B30 /* a1a2-selectortramps-i386.s */; };
		3D55D01926D938CB006A4B30 /* a1a2-selectortramps-x86_64.s in Sources */ = {isa = PBXBuildFile; fileRef = 3D55D01826D938CB006A4B30 /* a1a2-selectortramps-x86_64.s */; };
		3D55D01B26D938CB006A4B30 /* a2a3-selectortramps-arm.s in Sources */ = {isa = PBXBuildFile; fileRef = 3D55D01A26D938CB006A4B30 /* a2a3-selectortramps-arm.s */; };
		3D55D01D26D938CB006A4B30 /* a2a3-selectortramps-i386.s in Sources */ = {isa = PBXBuildFile; fileRef = 3D55D01C26D938CB006A4B30 /* a2a3-selectortramps-i386.s */; };
		3D55D01F26D938CB006A4B30 /* a2a3-selectortramps-x86_64.s in Sources */ = {isa = PBXBuildFile; fileRef = 3D55D01E26D938CB006A4B30 /* a2a3-selectortramps-x86_64.s */; };
		3D55D02126D938CB006A4B30 /* OCMethodTrace.h in Headers */ = {isa = PBXBuildFile; fileRef = 3D55D02026D938CB006A4B30 /* OCMethodTrace.h */; };
		3D55D02326D938CB006A4B30 /* OCMethodTrace.m in Sources */ = {isa = PBXBuildFile; fileRef = 3D55D02226D938CB006A4B30 /* OCMethodTrace.m */; };
		3D55D02526D938CB006A4B30 /* OCSelectorTrampolines.h in Headers */ = {isa = PBXBuildFile; fileRef = 3D55D02426D938CB006A4B30 /* OCSelectorTrampolines.h */; };
		3D55D02726D938CB006A4B30 /* OCSelectorTrampolines.mm in Sources */ = {isa = PBXBuildFile; fileRef = 3D55D02626D938CB006A4B30 /* OCSelectorTrampolines.mm */; };
		3D55D02B26D938CB006A4B30 /* LLDBTools.h in Headers */ = {isa = PBXBuildFile; fileRef = 3D55D02A26D938CB006A4B30 /* LLDBTools.h */; };
		3D55D02D26D938CB006A4B30 /* LLDBTools.mm in Sources */ = {isa = PBXBuildFile; fileRef = 3D55D02C26D938CB006A4B30 /* LLDBTools.mm */; };
		3D55D03226D938CB006A4B30 /* AntiAntiDebug.m in Sources */ = {isa = PBXBuildFile; fileRef = 3D55D03126D938CB006A4B30 /* AntiAntiDebug.m */; };
		3D55D03526D938CB006A4B30 /* fishhook.c in Sources */ = {isa = PBXBuildFile; fileRef = 3D55D03426D938CB006A4B30 /* fishhook.c */; };
		3D55D03726D938CB006A4B30 /* fishhook.h in Headers */ = {isa = PBXBuildFile; fileRef = 3D55D03626D938CB006A4B30 /* fishhook.h */; };
		3D55D03926D938CB006A4B30 /* MonkeyAppDylib.h in Headers */ = {isa = PBXBuildFile; fileRef = 3D55D03826D938CB006A4B30 /* MonkeyAppDylib.h */; };
		3D55D03B26D938CB006A4B30 /* MonkeyAppDylib.m in Sources */ = {isa = PBXBuildFile; fileRef = 3D55D03A26D938CB006A4B30 /* MonkeyAppDylib.m */; };
/* End PBXBuildFile section */

/* Begin PBXContainerItemProxy section */
		3D55CFF626D938CB006A4B30 /* PBXContainerItemProxy */ = {
			isa = PBXContainerItemProxy;
			containerPortal = 3D55CFD826D938CB006A4B30 /* Project object */;
			proxyType = 1;
			remoteGlobalIDString = 3D55CFF326D938CB006A4B30;
			remoteInfo = MonkeyAppDylib;
		};
/* End PBXContainerItemProxy section */

/* Begin PBXCopyFilesBuildPhase section */
		3D55CFE026D938CB006A4B30 /* CopyFiles */ = {
			isa = PBXCopyFilesBuildPhase;
			buildActionMask = 2147483647;
			dstPath = "";
			dstSubfolderSpec = 10;
			files = (
				3D55CFF526D938CB006A4B30 /* libMonkeyAppDylib.dylib in CopyFiles */,
			);
			runOnlyForDeploymentPostprocessing = 0;
		};
/* End PBXCopyFilesBuildPhase section */

/* Begin PBXFileReference section */
		3D55CFE326D938CB006A4B30 /* MonkeyApp.app */ = {isa = PBXFileReference; explicitFileType = wrapper.application; includeInIndex = 0; path = MonkeyApp.app; sourceTree = BUILT_PRODUCTS_DIR; };
		3D55CFE626D938CB006A4B30 /* icon.png */ = {isa = PBXFileReference; lastKnownFileType = image.png; path = icon.png; sourceTree = "<group>"; };
		3D55CFE826D938CB006A4B30 /* quick-resign.sh */ = {isa = PBXFileReference; lastKnownFileType = text.script.sh; path = "quick-resign.sh"; sourceTree = "<group>"; };
		3D55CFEA26D938CB006A4B30 /* MDConfig.plist */ = {isa = PBXFileReference; lastKnownFileType = text.plist.xml; path = MDConfig.plist; sourceTree = "<group>"; };
		3D55CFED26D938CB006A4B30 /* put ipa or app here */ = {isa = PBXFileReference; lastKnownFileType = text; path = "put ipa or app here"; sourceTree = "<group>"; };
		3D55CFEE26D938CB006A4B30 /* Info.plist */ = {isa = PBXFileReference; lastKnownFileType = text.plist.xml; path = Info.plist; sourceTree = "<group>"; };
		3D55CFF426D938CB006A4B30 /* libMonkeyAppDylib.dylib */ = {isa = PBXFileReference; explicitFileType = "compiled.mach-o.dylib"; includeInIndex = 0; path = libMonkeyAppDylib.dylib; sourceTree = BUILT_PRODUCTS_DIR; };
		3D55CFF926D938CB006A4B30 /* JavaScriptCore.framework */ = {isa = PBXFileReference; lastKnownFileType = wrapper.framework; name = JavaScriptCore.framework; path = System/Library/Frameworks/JavaScriptCore.framework; sourceTree = SDKROOT; };
		3D55CFFB26D938CB006A4B30 /* Foundation.framework */ = {isa = PBXFileReference; lastKnownFileType = wrapper.framework; name = Foundation.framework; path = System/Library/Frameworks/Foundation.framework; sourceTree = SDKROOT; };
		3D55CFFD26D938CB006A4B30 /* UIKit.framework */ = {isa = PBXFileReference; lastKnownFileType = wrapper.framework; name = UIKit.framework; path = System/Library/Frameworks/UIKit.framework; sourceTree = SDKROOT; };
		3D55D00126D938CB006A4B30 /* MonkeyAppDylib.xm */ = {isa = PBXFileReference; lastKnownFileType = text; path = MonkeyAppDylib.xm; sourceTree = "<group>"; };
		3D55D00226D938CB006A4B30 /* MonkeyAppDylib.mm */ = {isa = PBXFileReference; lastKnownFileType = sourcecode.cpp.objcpp; path = MonkeyAppDylib.mm; sourceTree = "<group>"; };
		3D55D00526D938CB006A4B30 /* MDConfigManager.h */ = {isa = PBXFileReference; lastKnownFileType = sourcecode.c.h; path = MDConfigManager.h; sourceTree = "<group>"; };
		3D55D00726D938CB006A4B30 /* MDConfigManager.m */ = {isa = PBXFileReference; lastKnownFileType = sourcecode.c.objc; path = MDConfigManager.m; sourceTree = "<group>"; };
		3D55D00926D938CB006A4B30 /* MDCycriptManager.h */ = {isa = PBXFileReference; lastKnownFileType = sourcecode.c.h; path = MDCycriptManager.h; sourceTree = "<group>"; };
		3D55D00B26D938CB006A4B30 /* MDCycriptManager.m */ = {isa = PBXFileReference; lastKnownFileType = sourcecode.c.objc; path = MDCycriptManager.m; sourceTree = "<group>"; };
		3D55D00D26D938CB006A4B30 /* MDMethodTrace.h */ = {isa = PBXFileReference; lastKnownFileType = sourcecode.c.h; path = MDMethodTrace.h; sourceTree = "<group>"; };
		3D55D00F26D938CB006A4B30 /* MDMethodTrace.m */ = {isa = PBXFileReference; lastKnownFileType = sourcecode.c.objc; path = MDMethodTrace.m; sourceTree = "<group>"; };
		3D55D01226D938CB006A4B30 /* a1a2-selectortramps-arm.s */ = {isa = PBXFileReference; lastKnownFileType = sourcecode.asm; path = "a1a2-selectortramps-arm.s"; sourceTree = "<group>"; };
		3D55D01426D938CB006A4B30 /* a1a2-selectortramps-arm64.s */ = {isa = PBXFileReference; lastKnownFileType = sourcecode.asm; path = "a1a2-selectortramps-arm64.s"; sourceTree = "<group>"; };
		3D55D01626D938CB006A4B30 /* a1a2-selectortramps-i386.s */ = {isa = PBXFileReference; lastKnownFileType = sourcecode.asm; path = "a1a2-selectortramps-i386.s"; sourceTree = "<group>"; };
		3D55D01826D938CB006A4B30 /* a1a2-selectortramps-x86_64.s */ = {isa = PBXFileReference; lastKnownFileType = sourcecode.asm; path = "a1a2-selectortramps-x86_64.s"; sourceTree = "<group>"; };
		3D55D01A26D938CB006A4B30 /* a2a3-selectortramps-arm.s */ = {isa = PBXFileReference; lastKnownFileType = sourcecode.asm; path = "a2a3-selectortramps-arm.s"; sourceTree = "<group>"; };
		3D55D01C26D938CB006A4B30 /* a2a3-selectortramps-i386.s */ = {isa = PBXFileReference; lastKnownFileType = sourcecode.asm; path = "a2a3-selectortramps-i386.s"; sourceTree = "<group>"; };
		3D55D01E26D938CB006A4B30 /* a2a3-selectortramps-x86_64.s */ = {isa = PBXFileReference; lastKnownFileType = sourcecode.asm; path = "a2a3-selectortramps-x86_64.s"; sourceTree = "<group>"; };
		3D55D02026D938CB006A4B30 /* OCMethodTrace.h */ = {isa = PBXFileReference; lastKnownFileType = sourcecode.c.h; path = OCMethodTrace.h; sourceTree = "<group>"; };
		3D55D02226D938CB006A4B30 /* OCMethodTrace.m */ = {isa = PBXFileReference; lastKnownFileType = sourcecode.c.objc; path = OCMethodTrace.m; sourceTree = "<group>"; };
		3D55D02426D938CB006A4B30 /* OCSelectorTrampolines.h */ = {isa = PBXFileReference; lastKnownFileType = sourcecode.c.h; path = OCSelectorTrampolines.h; sourceTree = "<group>"; };
		3D55D02626D938CB006A4B30 /* OCSelectorTrampolines.mm */ = {isa = PBXFileReference; lastKnownFileType = sourcecode.cpp.objcpp; path = OCSelectorTrampolines.mm; sourceTree = "<group>"; };
		3D55D02826D938CB006A4B30 /* selectortramps.mac */ = {isa = PBXFileReference; lastKnownFileType = text; path = selectortramps.mac; sourceTree = "<group>"; };
		3D55D02A26D938CB006A4B30 /* LLDBTools.h */ = {isa = PBXFileReference; lastKnownFileType = sourcecode.c.h; path = LLDBTools.h; sourceTree = "<group>"; };
		3D55D02C26D938CB006A4B30 /* LLDBTools.mm */ = {isa = PBXFileReference; lastKnownFileType = sourcecode.cpp.objcpp; path = LLDBTools.mm; sourceTree = "<group>"; };
		3D55D02F26D938CB006A4B30 /* MonkeyAppDylib-Prefix.pch */ = {isa = PBXFileReference; lastKnownFileType = sourcecode.c.h; name = "MonkeyAppDylib-Prefix.pch"; path = "../MonkeyAppDylib-Prefix.pch"; sourceTree = "<group>"; };
		3D55D03126D938CB006A4B30 /* AntiAntiDebug.m */ = {isa = PBXFileReference; lastKnownFileType = sourcecode.c.objc; path = AntiAntiDebug.m; sourceTree = "<group>"; };
		3D55D03426D938CB006A4B30 /* fishhook.c */ = {isa = PBXFileReference; lastKnownFileType = sourcecode.c.c; path = fishhook.c; sourceTree = "<group>"; };
		3D55D03626D938CB006A4B30 /* fishhook.h */ = {isa = PBXFileReference; lastKnownFileType = sourcecode.c.h; path = fishhook.h; sourceTree = "<group>"; };
		3D55D03826D938CB006A4B30 /* MonkeyAppDylib.h */ = {isa = PBXFileReference; lastKnownFileType = sourcecode.c.h; path = MonkeyAppDylib.h; sourceTree = "<group>"; };
		3D55D03A26D938CB006A4B30 /* MonkeyAppDylib.m */ = {isa = PBXFileReference; lastKnownFileType = sourcecode.c.objc; path = MonkeyAppDylib.m; sourceTree = "<group>"; };
/* End PBXFileReference section */

/* Begin PBXFrameworksBuildPhase section */
		3D55CFDD26D938CB006A4B30 /* Frameworks */ = {
			isa = PBXFrameworksBuildPhase;
			buildActionMask = 2147483647;
			files = (
			);
			runOnlyForDeploymentPostprocessing = 0;
		};
		3D55CFF126D938CB006A4B30 /* Frameworks */ = {
			isa = PBXFrameworksBuildPhase;
			buildActionMask = 2147483647;
			files = (
				3D55CFFA26D938CB006A4B30 /* JavaScriptCore.framework in Frameworks */,
				3D55CFFE26D938CB006A4B30 /* UIKit.framework in Frameworks */,
				3D55CFFC26D938CB006A4B30 /* Foundation.framework in Frameworks */,
			);
			runOnlyForDeploymentPostprocessing = 0;
		};
/* End PBXFrameworksBuildPhase section */

/* Begin PBXGroup section */
		3D55CFD726D938CB006A4B30 = {
			isa = PBXGroup;
			children = (
				3D55CFE526D938CB006A4B30 /* MonkeyApp */,
				3D55CFFF26D938CB006A4B30 /* MonkeyAppDylib */,
				3D55CFF826D938CB006A4B30 /* Frameworks */,
				3D55CFE426D938CB006A4B30 /* Products */,
			);
			sourceTree = "<group>";
		};
		3D55CFE426D938CB006A4B30 /* Products */ = {
			isa = PBXGroup;
			children = (
				3D55CFE326D938CB006A4B30 /* MonkeyApp.app */,
				3D55CFF426D938CB006A4B30 /* libMonkeyAppDylib.dylib */,
			);
			name = Products;
			sourceTree = "<group>";
		};
		3D55CFE526D938CB006A4B30 /* MonkeyApp */ = {
			isa = PBXGroup;
			children = (
				3D55CFE626D938CB006A4B30 /* icon.png */,
				3D55CFEE26D938CB006A4B30 /* Info.plist */,
				3D55CFE726D938CB006A4B30 /* Scripts */,
				3D55CFE926D938CB006A4B30 /* Config */,
				3D55CFEC26D938CB006A4B30 /* TargetApp */,
			);
			path = MonkeyApp;
			sourceTree = "<group>";
		};
		3D55CFE726D938CB006A4B30 /* Scripts */ = {
			isa = PBXGroup;
			children = (
				3D55CFE826D938CB006A4B30 /* quick-resign.sh */,
			);
			path = Scripts;
			sourceTree = "<group>";
		};
		3D55CFE926D938CB006A4B30 /* Config */ = {
			isa = PBXGroup;
			children = (
				3D55CFEA26D938CB006A4B30 /* MDConfig.plist */,
			);
			path = Config;
			sourceTree = "<group>";
		};
		3D55CFEC26D938CB006A4B30 /* TargetApp */ = {
			isa = PBXGroup;
			children = (
				3D55CFED26D938CB006A4B30 /* put ipa or app here */,
			);
			path = TargetApp;
			sourceTree = "<group>";
		};
		3D55CFF826D938CB006A4B30 /* Frameworks */ = {
			isa = PBXGroup;
			children = (
				3D55CFF926D938CB006A4B30 /* JavaScriptCore.framework */,
				3D55CFFB26D938CB006A4B30 /* Foundation.framework */,
				3D55CFFD26D938CB006A4B30 /* UIKit.framework */,
			);
			name = Frameworks;
			sourceTree = "<group>";
		};
		3D55CFFF26D938CB006A4B30 /* MonkeyAppDylib */ = {
			isa = PBXGroup;
			children = (
				3D55D03826D938CB006A4B30 /* MonkeyAppDylib.h */,
				3D55D03A26D938CB006A4B30 /* MonkeyAppDylib.m */,
				3D55D00026D938CB006A4B30 /* Logos */,
				3D55D00426D938CB006A4B30 /* Config */,
				3D55D01126D938CB006A4B30 /* Trace */,
				3D55D02926D938CB006A4B30 /* Tools */,
				3D55D03026D938CB006A4B30 /* AntiAntiDebug */,
				3D55D03326D938CB006A4B30 /* fishhook */,
				3D55D02E26D938CB006A4B30 /* Supporting Files */,
			);
			path = MonkeyAppDylib;
			sourceTree = "<group>";
		};
		3D55D00026D938CB006A4B30 /* Logos */ = {
			isa = PBXGroup;
			children = (
				3D55D00126D938CB006A4B30 /* MonkeyAppDylib.xm */,
				3D55D00226D938CB006A4B30 /* MonkeyAppDylib.mm */,
			);
			path = Logos;
			sourceTree = "<group>";
		};
		3D55D00426D938CB006A4B30 /* Config */ = {
			isa = PBXGroup;
			children = (
				3D55D00526D938CB006A4B30 /* MDConfigManager.h */,
				3D55D00726D938CB006A4B30 /* MDConfigManager.m */,
				3D55D00926D938CB006A4B30 /* MDCycriptManager.h */,
				3D55D00B26D938CB006A4B30 /* MDCycriptManager.m */,
				3D55D00D26D938CB006A4B30 /* MDMethodTrace.h */,
				3D55D00F26D938CB006A4B30 /* MDMethodTrace.m */,
			);
			path = Config;
			sourceTree = "<group>";
		};
		3D55D01126D938CB006A4B30 /* Trace */ = {
			isa = PBXGroup;
			children = (
				3D55D01226D938CB006A4B30 /* a1a2-selectortramps-arm.s */,
				3D55D01426D938CB006A4B30 /* a1a2-selectortramps-arm64.s */,
				3D55D01626D938CB006A4B30 /* a1a2-selectortramps-i386.s */,
				3D55D01826D938CB006A4B30 /* a1a2-selectortramps-x86_64.s */,
				3D55D01A26D938CB006A4B30 /* a2a3-selectortramps-arm.s */,
				3D55D01C26D938CB006A4B30 /* a2a3-selectortramps-i386.s */,
				3D55D01E26D938CB006A4B30 /* a2a3-selectortramps-x86_64.s */,
				3D55D02026D938CB006A4B30 /* OCMethodTrace.h */,
				3D55D02226D938CB006A4B30 /* OCMethodTrace.m */,
				3D55D02426D938CB006A4B30 /* OCSelectorTrampolines.h */,
				3D55D02626D938CB006A4B30 /* OCSelectorTrampolines.mm */,
				3D55D02826D938CB006A4B30 /* selectortramps.mac */,
			);
			path = Trace;
			sourceTree = "<group>";
		};
		3D55D02926D938CB006A4B30 /* Tools */ = {
			isa = PBXGroup;
			children = (
				3D55D02A26D938CB006A4B30 /* LLDBTools.h */,
				3D55D02C26D938CB006A4B30 /* LLDBTools.mm */,
			);
			path = Tools;
			sourceTree = "<group>";
		};
		3D55D02E26D938CB006A4B30 /* Supporting Files */ = {
			isa = PBXGroup;
			children = (
				3D55D02F26D938CB006A4B30 /* MonkeyAppDylib-Prefix.pch */,
			);
			path = "Supporting Files";
			sourceTree = "<group>";
		};
		3D55D03026D938CB006A4B30 /* AntiAntiDebug */ = {
			isa = PBXGroup;
			children = (
				3D55D03126D938CB006A4B30 /* AntiAntiDebug.m */,
			);
			path = AntiAntiDebug;
			sourceTree = "<group>";
		};
		3D55D03326D938CB006A4B30 /* fishhook */ = {
			isa = PBXGroup;
			children = (
				3D55D03426D938CB006A4B30 /* fishhook.c */,
				3D55D03626D938CB006A4B30 /* fishhook.h */,
			);
			path = fishhook;
			sourceTree = "<group>";
		};
/* End PBXGroup section */

/* Begin PBXHeadersBuildPhase section */
		3D55CFF226D938CB006A4B30 /* Headers */ = {
			isa = PBXHeadersBuildPhase;
			buildActionMask = 2147483647;
			files = (
				3D55D00A26D938CB006A4B30 /* MDCycriptManager.h in Headers */,
				3D55D00E26D938CB006A4B30 /* MDMethodTrace.h in Headers */,
				3D55D03726D938CB006A4B30 /* fishhook.h in Headers */,
				3D55D02B26D938CB006A4B30 /* LLDBTools.h in Headers */,
				3D55D00626D938CB006A4B30 /* MDConfigManager.h in Headers */,
				3D55D02526D938CB006A4B30 /* OCSelectorTrampolines.h in Headers */,
				3D55D03926D938CB006A4B30 /* MonkeyAppDylib.h in Headers */,
				3D55D02126D938CB006A4B30 /* OCMethodTrace.h in Headers */,
			);
			runOnlyForDeploymentPostprocessing = 0;
		};
/* End PBXHeadersBuildPhase section */

/* Begin PBXNativeTarget section */
		3D55CFE226D938CB006A4B30 /* MonkeyApp */ = {
			isa = PBXNativeTarget;
			buildConfigurationList = 3D55D04126D938CB006A4B30 /* Build configuration list for PBXNativeTarget "MonkeyApp" */;
			buildPhases = (
				3D55CFDC26D938CB006A4B30 /* Sources */,
				3D55CFDD26D938CB006A4B30 /* Frameworks */,
				3D55CFDE26D938CB006A4B30 /* ShellScript */,
				3D55CFDF26D938CB006A4B30 /* Resources */,
				3D55CFE026D938CB006A4B30 /* CopyFiles */,
				3D55CFE126D938CB006A4B30 /* ShellScript */,
			);
			buildRules = (
			);
			dependencies = (
				3D55CFF726D938CB006A4B30 /* PBXTargetDependency */,
			);
			name = MonkeyApp;
			productName = MonkeyApp;
			productReference = 3D55CFE326D938CB006A4B30 /* MonkeyApp.app */;
			productType = "com.apple.product-type.application";
		};
		3D55CFF326D938CB006A4B30 /* MonkeyAppDylib */ = {
			isa = PBXNativeTarget;
			buildConfigurationList = 3D55D03E26D938CB006A4B30 /* Build configuration list for PBXNativeTarget "MonkeyAppDylib" */;
			buildPhases = (
				3D55CFEF26D938CB006A4B30 /* ShellScript */,
				3D55CFF026D938CB006A4B30 /* Sources */,
				3D55CFF126D938CB006A4B30 /* Frameworks */,
				3D55CFF226D938CB006A4B30 /* Headers */,
			);
			buildRules = (
			);
			dependencies = (
			);
			name = MonkeyAppDylib;
			productName = MonkeyAppDylib;
			productReference = 3D55CFF426D938CB006A4B30 /* libMonkeyAppDylib.dylib */;
			productType = "com.apple.product-type.library.dynamic";
		};
/* End PBXNativeTarget section */

/* Begin PBXProject section */
		3D55CFD826D938CB006A4B30 /* Project object */ = {
			isa = PBXProject;
			attributes = {
				LastUpgradeCheck = 1240;
				TargetAttributes = {
					3D55CFE226D938CB006A4B30 = {
						CreatedOnToolsVersion = 12.4;
					};
					3D55CFF326D938CB006A4B30 = {
						CreatedOnToolsVersion = 12.4;
					};
				};
			};
			buildConfigurationList = 3D55CFDB26D938CB006A4B30 /* Build configuration list for PBXProject "MonkeyApp" */;
			compatibilityVersion = "Xcode 9.3";
			developmentRegion = en;
			hasScannedForEncodings = 0;
			knownRegions = (
				en,
				Base,
			);
			mainGroup = 3D55CFD726D938CB006A4B30;
			productRefGroup = 3D55CFE426D938CB006A4B30 /* Products */;
			projectDirPath = "";
			projectRoot = "";
			targets = (
				3D55CFE226D938CB006A4B30 /* MonkeyApp */,
				3D55CFF326D938CB006A4B30 /* MonkeyAppDylib */,
			);
		};
/* End PBXProject section */

/* Begin PBXResourcesBuildPhase section */
		3D55CFDF26D938CB006A4B30 /* Resources */ = {
			isa = PBXResourcesBuildPhase;
			buildActionMask = 2147483647;
			files = (
				3D55CFEB26D938CB006A4B30 /* MDConfig.plist in Resources */,
			);
			runOnlyForDeploymentPostprocessing = 0;
		};
/* End PBXResourcesBuildPhase section */

/* Begin PBXShellScriptBuildPhase section */
		3D55CFDE26D938CB006A4B30 /* ShellScript */ = {
			isa = PBXShellScriptBuildPhase;
			buildActionMask = 2147483647;
			files = (
			);
			inputFileListPaths = (
			);
			inputPaths = (
			);
			outputFileListPaths = (
			);
			outputPaths = (
			);
			runOnlyForDeploymentPostprocessing = 0;
			shellPath = /bin/sh;
			shellScript = /opt/MonkeyDev/Tools/pack.sh;
		};
		3D55CFE126D938CB006A4B30 /* ShellScript */ = {
			isa = PBXShellScriptBuildPhase;
			buildActionMask = 2147483647;
			files = (
			);
			inputFileListPaths = (
			);
			inputPaths = (
			);
			outputFileListPaths = (
			);
			outputPaths = (
			);
			runOnlyForDeploymentPostprocessing = 0;
			shellPath = /bin/sh;
			shellScript = "/opt/MonkeyDev/Tools/pack.sh codesign";
		};
		3D55CFEF26D938CB006A4B30 /* ShellScript */ = {
			isa = PBXShellScriptBuildPhase;
			buildActionMask = 2147483647;
			files = (
			);
			inputFileListPaths = (
			);
			inputPaths = (
			);
			outputFileListPaths = (
			);
			outputPaths = (
			);
			runOnlyForDeploymentPostprocessing = 0;
			shellPath = /bin/sh;
			shellScript = "/opt/MonkeyDev/bin/md --xcbp-logos";
		};
/* End PBXShellScriptBuildPhase section */

/* Begin PBXSourcesBuildPhase section */
		3D55CFDC26D938CB006A4B30 /* Sources */ = {
			isa = PBXSourcesBuildPhase;
			buildActionMask = 2147483647;
			files = (
			);
			runOnlyForDeploymentPostprocessing = 0;
		};
		3D55CFF026D938CB006A4B30 /* Sources */ = {
			isa = PBXSourcesBuildPhase;
			buildActionMask = 2147483647;
			files = (
				3D55D00C26D938CB006A4B30 /* MDCycriptManager.m in Sources */,
				3D55D01526D938CB006A4B30 /* a1a2-selectortramps-arm64.s in Sources */,
				3D55D01326D938CB006A4B30 /* a1a2-selectortramps-arm.s in Sources */,
				3D55D01926D938CB006A4B30 /* a1a2-selectortramps-x86_64.s in Sources */,
				3D55D03B26D938CB006A4B30 /* MonkeyAppDylib.m in Sources */,
				3D55D02326D938CB006A4B30 /* OCMethodTrace.m in Sources */,
				3D55D00826D938CB006A4B30 /* MDConfigManager.m in Sources */,
				3D55D03526D938CB006A4B30 /* fishhook.c in Sources */,
				3D55D03226D938CB006A4B30 /* AntiAntiDebug.m in Sources */,
				3D55D02726D938CB006A4B30 /* OCSelectorTrampolines.mm in Sources */,
				3D55D01726D938CB006A4B30 /* a1a2-selectortramps-i386.s in Sources */,
				3D55D01D26D938CB006A4B30 /* a2a3-selectortramps-i386.s in Sources */,
				3D55D01B26D938CB006A4B30 /* a2a3-selectortramps-arm.s in Sources */,
				3D55D00326D938CB006A4B30 /* MonkeyAppDylib.mm in Sources */,
				3D55D02D26D938CB006A4B30 /* LLDBTools.mm in Sources */,
				3D55D01F26D938CB006A4B30 /* a2a3-selectortramps-x86_64.s in Sources */,
				3D55D01026D938CB006A4B30 /* MDMethodTrace.m in Sources */,
			);
			runOnlyForDeploymentPostprocessing = 0;
		};
/* End PBXSourcesBuildPhase section */

/* Begin PBXTargetDependency section */
		3D55CFF726D938CB006A4B30 /* PBXTargetDependency */ = {
			isa = PBXTargetDependency;
			target = 3D55CFF326D938CB006A4B30 /* MonkeyAppDylib */;
			targetProxy = 3D55CFF626D938CB006A4B30 /* PBXContainerItemProxy */;
		};
/* End PBXTargetDependency section */

/* Begin XCBuildConfiguration section */
		3D55D03C26D938CB006A4B30 /* Debug */ = {
			isa = XCBuildConfiguration;
			buildSettings = {
				ALWAYS_SEARCH_USER_PATHS = NO;
				CLANG_ANALYZER_NONNULL = YES;
				CLANG_ANALYZER_NUMBER_OBJECT_CONVERSION = YES_AGGRESSIVE;
				CLANG_CXX_LANGUAGE_STANDARD = "gnu++14";
				CLANG_CXX_LIBRARY = "libc++";
				CLANG_ENABLE_MODULES = YES;
				CLANG_ENABLE_OBJC_ARC = YES;
				CLANG_ENABLE_OBJC_WEAK = YES;
				CLANG_WARN_BLOCK_CAPTURE_AUTORELEASING = YES;
				CLANG_WARN_BOOL_CONVERSION = YES;
				CLANG_WARN_COMMA = YES;
				CLANG_WARN_CONSTANT_CONVERSION = YES;
				CLANG_WARN_DEPRECATED_OBJC_IMPLEMENTATIONS = YES;
				CLANG_WARN_DIRECT_OBJC_ISA_USAGE = YES_ERROR;
				CLANG_WARN_DOCUMENTATION_COMMENTS = YES;
				CLANG_WARN_EMPTY_BODY = YES;
				CLANG_WARN_ENUM_CONVERSION = YES;
				CLANG_WARN_INFINITE_RECURSION = YES;
				CLANG_WARN_INT_CONVERSION = YES;
				CLANG_WARN_NON_LITERAL_NULL_CONVERSION = YES;
				CLANG_WARN_OBJC_IMPLICIT_RETAIN_SELF = YES;
				CLANG_WARN_OBJC_LITERAL_CONVERSION = YES;
				CLANG_WARN_OBJC_ROOT_CLASS = YES_ERROR;
				CLANG_WARN_QUOTED_INCLUDE_IN_FRAMEWORK_HEADER = YES;
				CLANG_WARN_RANGE_LOOP_ANALYSIS = YES;
				CLANG_WARN_STRICT_PROTOTYPES = YES;
				CLANG_WARN_SUSPICIOUS_MOVE = YES;
				CLANG_WARN_UNGUARDED_AVAILABILITY = YES_AGGRESSIVE;
				CLANG_WARN_UNREACHABLE_CODE = YES;
				CLANG_WARN__DUPLICATE_METHOD_MATCH = YES;
				COPY_PHASE_STRIP = NO;
				DEBUG_INFORMATION_FORMAT = dwarf;
				ENABLE_STRICT_OBJC_MSGSEND = YES;
				ENABLE_TESTABILITY = YES;
				GCC_C_LANGUAGE_STANDARD = gnu11;
				GCC_DYNAMIC_NO_PIC = NO;
				GCC_NO_COMMON_BLOCKS = YES;
				GCC_OPTIMIZATION_LEVEL = 0;
				GCC_PREPROCESSOR_DEFINITIONS = (
					"DEBUG=1",
					"$(inherited)",
				);
				GCC_WARN_64_TO_32_BIT_CONVERSION = YES;
				GCC_WARN_ABOUT_RETURN_TYPE = YES_ERROR;
				GCC_WARN_UNDECLARED_SELECTOR = YES;
				GCC_WARN_UNINITIALIZED_AUTOS = YES_AGGRESSIVE;
				GCC_WARN_UNUSED_FUNCTION = YES;
				GCC_WARN_UNUSED_VARIABLE = YES;
				IPHONEOS_DEPLOYMENT_TARGET = 8.0;
				MTL_ENABLE_DEBUG_INFO = INCLUDE_SOURCE;
				MTL_FAST_MATH = YES;
				ONLY_ACTIVE_ARCH = YES;
				SDKROOT = iphoneos;
			};
			name = Debug;
		};
		3D55D03D26D938CB006A4B30 /* Release */ = {
			isa = XCBuildConfiguration;
			buildSettings = {
				ALWAYS_SEARCH_USER_PATHS = NO;
				CLANG_ANALYZER_NONNULL = YES;
				CLANG_ANALYZER_NUMBER_OBJECT_CONVERSION = YES_AGGRESSIVE;
				CLANG_CXX_LANGUAGE_STANDARD = "gnu++14";
				CLANG_CXX_LIBRARY = "libc++";
				CLANG_ENABLE_MODULES = YES;
				CLANG_ENABLE_OBJC_ARC = YES;
				CLANG_ENABLE_OBJC_WEAK = YES;
				CLANG_WARN_BLOCK_CAPTURE_AUTORELEASING = YES;
				CLANG_WARN_BOOL_CONVERSION = YES;
				CLANG_WARN_COMMA = YES;
				CLANG_WARN_CONSTANT_CONVERSION = YES;
				CLANG_WARN_DEPRECATED_OBJC_IMPLEMENTATIONS = YES;
				CLANG_WARN_DIRECT_OBJC_ISA_USAGE = YES_ERROR;
				CLANG_WARN_DOCUMENTATION_COMMENTS = YES;
				CLANG_WARN_EMPTY_BODY = YES;
				CLANG_WARN_ENUM_CONVERSION = YES;
				CLANG_WARN_INFINITE_RECURSION = YES;
				CLANG_WARN_INT_CONVERSION = YES;
				CLANG_WARN_NON_LITERAL_NULL_CONVERSION = YES;
				CLANG_WARN_OBJC_IMPLICIT_RETAIN_SELF = YES;
				CLANG_WARN_OBJC_LITERAL_CONVERSION = YES;
				CLANG_WARN_OBJC_ROOT_CLASS = YES_ERROR;
				CLANG_WARN_QUOTED_INCLUDE_IN_FRAMEWORK_HEADER = YES;
				CLANG_WARN_RANGE_LOOP_ANALYSIS = YES;
				CLANG_WARN_STRICT_PROTOTYPES = YES;
				CLANG_WARN_SUSPICIOUS_MOVE = YES;
				CLANG_WARN_UNGUARDED_AVAILABILITY = YES_AGGRESSIVE;
				CLANG_WARN_UNREACHABLE_CODE = YES;
				CLANG_WARN__DUPLICATE_METHOD_MATCH = YES;
				COPY_PHASE_STRIP = NO;
				DEBUG_INFORMATION_FORMAT = "dwarf-with-dsym";
				ENABLE_NS_ASSERTIONS = NO;
				ENABLE_STRICT_OBJC_MSGSEND = YES;
				GCC_C_LANGUAGE_STANDARD = gnu11;
				GCC_NO_COMMON_BLOCKS = YES;
				GCC_WARN_64_TO_32_BIT_CONVERSION = YES;
				GCC_WARN_ABOUT_RETURN_TYPE = YES_ERROR;
				GCC_WARN_UNDECLARED_SELECTOR = YES;
				GCC_WARN_UNINITIALIZED_AUTOS = YES_AGGRESSIVE;
				GCC_WARN_UNUSED_FUNCTION = YES;
				GCC_WARN_UNUSED_VARIABLE = YES;
				IPHONEOS_DEPLOYMENT_TARGET = 8.0;
				MTL_ENABLE_DEBUG_INFO = NO;
				MTL_FAST_MATH = YES;
				SDKROOT = iphoneos;
				VALIDATE_PRODUCT = YES;
			};
			name = Release;
		};
		3D55D03F26D938CB006A4B30 /* Debug */ = {
			isa = XCBuildConfiguration;
			buildSettings = {
				CODE_SIGN_STYLE = Automatic;
				DEVELOPMENT_TEAM = W22ZHLDSKZ;
				DYLIB_COMPATIBILITY_VERSION = 1;
				DYLIB_CURRENT_VERSION = 1;
				ENABLE_BITCODE = NO;
				EXCLUDED_RECURSIVE_SEARCH_PATH_SUBDIRECTORIES = "*.nib *.lproj *.gch (*) .DS_Store CVS .svn .git .hg *.xcodeproj *.xcode *.pbproj *.pbxproj";
				EXECUTABLE_PREFIX = lib;
				FRAMEWORK_SEARCH_PATHS = (
					"$(inherited)",
					"$(MonkeyDevPath)/Frameworks/**",
					"$(MonkeyDevPath)/Librarys/**",
					"$(MonkeyDevTheosPath)/vendor/lib",
				);
				GCC_C_LANGUAGE_STANDARD = gnu99;
				GCC_PRECOMPILE_PREFIX_HEADER = YES;
				GCC_PREFIX_HEADER = "MonkeyAppDylib/MonkeyAppDylib-Prefix.pch";
				GCC_SYMBOLS_PRIVATE_EXTERN = NO;
				GCC_WARN_ABOUT_MISSING_PROTOTYPES = YES;
				GCC_WARN_ABOUT_RETURN_TYPE = YES;
				HEADER_SEARCH_PATHS = (
					"$(inherited)",
					"$(MonkeyDevPath)/include",
					"$(MonkeyDevTheosPath)/vendor/include/**",
				);
				INSTALL_PATH = "@executable_path/Frameworks/libMonkeyAppDylib.dylib";
				LD_RUNPATH_SEARCH_PATHS = (
					"$(inherited)",
					"@executable_path/Frameworks",
				);
				LIBRARY_SEARCH_PATHS = (
					"$(inherited)",
					"$(MonkeyDevPath)/Frameworks",
					"$(MonkeyDevTheosPath)/vendor/lib/**",
				);
				MonkeyDevPath = /opt/MonkeyDev;
				MonkeyDevTheosPath = /opt/theos;
				OTHER_CFLAGS = (
					"$(inherited)",
					"-DTHEOS_INSTANCE_NAME=\"\\\"MonkeyAppDylib\\\"\"",
				);
				OTHER_LDFLAGS = (
					"$(inherited)",
					"-weak_library",
					"/usr/lib/libc++.dylib",
					"-weak_library",
					"/usr/lib/libstdc++.dylib",
					"-weak_library",
					"$(MonkeyDevPath)/Frameworks/libsubstrate.dylib",
					"-lcycript",
					"-framework",
					RevealServer,
				);
				PRODUCT_NAME = "$(TARGET_NAME)";
				TARGETED_DEVICE_FAMILY = "1,2";
				VALIDATE_PRODUCT = NO;
			};
			name = Debug;
		};
		3D55D04026D938CB006A4B30 /* Release */ = {
			isa = XCBuildConfiguration;
			buildSettings = {
				CODE_SIGN_STYLE = Automatic;
				COPY_PHASE_STRIP = YES;
				DEVELOPMENT_TEAM = W22ZHLDSKZ;
				DYLIB_COMPATIBILITY_VERSION = 1;
				DYLIB_CURRENT_VERSION = 1;
				ENABLE_BITCODE = NO;
				EXCLUDED_RECURSIVE_SEARCH_PATH_SUBDIRECTORIES = "*.nib *.lproj *.gch (*) .DS_Store CVS .svn .git .hg *.xcodeproj *.xcode *.pbproj *.pbxproj";
				EXECUTABLE_PREFIX = lib;
				FRAMEWORK_SEARCH_PATHS = (
					"$(inherited)",
					"$(MonkeyDevPath)/Frameworks/**",
					"$(MonkeyDevPath)/Librarys/**",
					"$(MonkeyDevTheosPath)/vendor/lib",
				);
				GCC_C_LANGUAGE_STANDARD = gnu99;
				GCC_PRECOMPILE_PREFIX_HEADER = YES;
				GCC_PREFIX_HEADER = "MonkeyAppDylib/MonkeyAppDylib-Prefix.pch";
				GCC_WARN_ABOUT_MISSING_PROTOTYPES = YES;
				GCC_WARN_ABOUT_RETURN_TYPE = YES;
				HEADER_SEARCH_PATHS = (
					"$(inherited)",
					"$(MonkeyDevPath)/include",
					"$(MonkeyDevTheosPath)/vendor/include/**",
				);
				INSTALL_PATH = "@executable_path/Frameworks/libMonkeyAppDylib.dylib";
				LD_RUNPATH_SEARCH_PATHS = (
					"$(inherited)",
					"@executable_path/Frameworks",
				);
				LIBRARY_SEARCH_PATHS = (
					"$(inherited)",
					"$(MonkeyDevPath)/Frameworks",
					"$(MonkeyDevTheosPath)/vendor/lib/**",
				);
				MonkeyDevPath = /opt/MonkeyDev;
				MonkeyDevTheosPath = /opt/theos;
				OTHER_CFLAGS = (
					"$(inherited)",
					"-DTHEOS_INSTANCE_NAME=\"\\\"MonkeyAppDylib\\\"\"",
				);
				OTHER_LDFLAGS = (
					"$(inherited)",
					"-weak_library",
					"/usr/lib/libc++.dylib",
					"-weak_library",
					"/usr/lib/libstdc++.dylib",
					"-weak_library",
					"$(MonkeyDevPath)/Frameworks/libsubstrate.dylib",
				);
				PRODUCT_NAME = "$(TARGET_NAME)";
				TARGETED_DEVICE_FAMILY = "1,2";
			};
			name = Release;
		};
		3D55D04226D938CB006A4B30 /* Debug */ = {
			isa = XCBuildConfiguration;
			buildSettings = {
				CODE_SIGN_STYLE = Automatic;
				DEVELOPMENT_TEAM = W22ZHLDSKZ;
				ENABLE_BITCODE = NO;
				INFOPLIST_FILE = MonkeyApp/Info.plist;
				MONKEYDEV_ADD_SUBSTRATE = YES;
				MONKEYDEV_CLASS_DUMP = NO;
				MONKEYDEV_DEFAULT_BUNDLEID = NO;
				MONKEYDEV_INSERT_DYLIB = YES;
				MONKEYDEV_RESTORE_SYMBOL = NO;
				MONKEYDEV_TARGET_APP = Optional;
				PODS_CONFIGURATION_BUILD_DIR = "$BUILD_DIR/$(CONFIGURATION)$(EFFECTIVE_PLATFORM_NAME)";
				PODS_ROOT = "${SRCROOT}/Pods";
				PRODUCT_BUNDLE_IDENTIFIER = Corleone.MonkeyApp;
				PRODUCT_NAME = "$(TARGET_NAME)";
				TARGETED_DEVICE_FAMILY = "1,2";
			};
			name = Debug;
		};
		3D55D04326D938CB006A4B30 /* Release */ = {
			isa = XCBuildConfiguration;
			buildSettings = {
				CODE_SIGN_STYLE = Automatic;
				DEVELOPMENT_TEAM = W22ZHLDSKZ;
				ENABLE_BITCODE = NO;
				INFOPLIST_FILE = MonkeyApp/Info.plist;
				MONKEYDEV_ADD_SUBSTRATE = YES;
				MONKEYDEV_CLASS_DUMP = NO;
				MONKEYDEV_DEFAULT_BUNDLEID = NO;
				MONKEYDEV_INSERT_DYLIB = YES;
				MONKEYDEV_RESTORE_SYMBOL = NO;
				MONKEYDEV_TARGET_APP = Optional;
				PODS_CONFIGURATION_BUILD_DIR = "$BUILD_DIR/$(CONFIGURATION)$(EFFECTIVE_PLATFORM_NAME)";
				PODS_ROOT = "${SRCROOT}/Pods";
				PRODUCT_BUNDLE_IDENTIFIER = Corleone.MonkeyApp;
				PRODUCT_NAME = "$(TARGET_NAME)";
				TARGETED_DEVICE_FAMILY = "1,2";
			};
			name = Release;
		};
/* End XCBuildConfiguration section */

/* Begin XCConfigurationList section */
		3D55CFDB26D938CB006A4B30 /* Build configuration list for PBXProject "MonkeyApp" */ = {
			isa = XCConfigurationList;
			buildConfigurations = (
				3D55D03C26D938CB006A4B30 /* Debug */,
				3D55D03D26D938CB006A4B30 /* Release */,
			);
			defaultConfigurationIsVisible = 0;
			defaultConfigurationName = Release;
		};
		3D55D03E26D938CB006A4B30 /* Build configuration list for PBXNativeTarget "MonkeyAppDylib" */ = {
			isa = XCConfigurationList;
			buildConfigurations = (
				3D55D03F26D938CB006A4B30 /* Debug */,
				3D55D04026D938CB006A4B30 /* Release */,
			);
			defaultConfigurationIsVisible = 0;
			defaultConfigurationName = Release;
		};
		3D55D04126D938CB006A4B30 /* Build configuration list for PBXNativeTarget "MonkeyApp" */ = {
			isa = XCConfigurationList;
			buildConfigurations = (
				3D55D04226D938CB006A4B30 /* Debug */,
				3D55D04326D938CB006A4B30 /* Release */,
			);
			defaultConfigurationIsVisible = 0;
			defaultConfigurationName = Release;
		};
/* End XCConfigurationList section */
	};
	rootObject = 3D55CFD826D938CB006A4B30 /* Project object */;
}
